// !$*UTF8*$!
{
	archiveVersion = 1;
	classes = {
	};
	objectVersion = 50;
	objects = {

/* Begin PBXBuildFile section */
		A7584FD325D5ACF1003072EE /* APIServiceManager.swift in Sources */ = {isa = PBXBuildFile; fileRef = A7584FD225D5ACF1003072EE /* APIServiceManager.swift */; };
		A7584FDD25D5D6E5003072EE /* Constants.swift in Sources */ = {isa = PBXBuildFile; fileRef = A7584FDC25D5D6E5003072EE /* Constants.swift */; };
		A75FF8AA25D45D6800A31074 /* AppDelegate.swift in Sources */ = {isa = PBXBuildFile; fileRef = A75FF8A925D45D6800A31074 /* AppDelegate.swift */; };
		A75FF8AC25D45D6800A31074 /* SceneDelegate.swift in Sources */ = {isa = PBXBuildFile; fileRef = A75FF8AB25D45D6800A31074 /* SceneDelegate.swift */; };
		A75FF8B325D45D6900A31074 /* Assets.xcassets in Resources */ = {isa = PBXBuildFile; fileRef = A75FF8B225D45D6900A31074 /* Assets.xcassets */; };
		A75FF8B625D45D6900A31074 /* LaunchScreen.storyboard in Resources */ = {isa = PBXBuildFile; fileRef = A75FF8B425D45D6900A31074 /* LaunchScreen.storyboard */; };
		A75FF8E225D4602C00A31074 /* MainViewController.swift in Sources */ = {isa = PBXBuildFile; fileRef = A75FF8E025D4602C00A31074 /* MainViewController.swift */; };
		A75FF8E325D4602C00A31074 /* MainViewController.xib in Resources */ = {isa = PBXBuildFile; fileRef = A75FF8E125D4602C00A31074 /* MainViewController.xib */; };
/* End PBXBuildFile section */

/* Begin PBXFileReference section */
		A7584FD225D5ACF1003072EE /* APIServiceManager.swift */ = {isa = PBXFileReference; lastKnownFileType = sourcecode.swift; path = APIServiceManager.swift; sourceTree = "<group>"; };
		A7584FDC25D5D6E5003072EE /* Constants.swift */ = {isa = PBXFileReference; lastKnownFileType = sourcecode.swift; path = Constants.swift; sourceTree = "<group>"; };
		A75FF8A625D45D6800A31074 /* DadJokes.app */ = {isa = PBXFileReference; explicitFileType = wrapper.application; includeInIndex = 0; path = DadJokes.app; sourceTree = BUILT_PRODUCTS_DIR; };
		A75FF8A925D45D6800A31074 /* AppDelegate.swift */ = {isa = PBXFileReference; lastKnownFileType = sourcecode.swift; path = AppDelegate.swift; sourceTree = "<group>"; };
		A75FF8AB25D45D6800A31074 /* SceneDelegate.swift */ = {isa = PBXFileReference; lastKnownFileType = sourcecode.swift; path = SceneDelegate.swift; sourceTree = "<group>"; };
		A75FF8B225D45D6900A31074 /* Assets.xcassets */ = {isa = PBXFileReference; lastKnownFileType = folder.assetcatalog; path = Assets.xcassets; sourceTree = "<group>"; };
		A75FF8B525D45D6900A31074 /* Base */ = {isa = PBXFileReference; lastKnownFileType = file.storyboard; name = Base; path = Base.lproj/LaunchScreen.storyboard; sourceTree = "<group>"; };
		A75FF8B725D45D6900A31074 /* Info.plist */ = {isa = PBXFileReference; lastKnownFileType = text.plist.xml; path = Info.plist; sourceTree = "<group>"; };
		A75FF8E025D4602C00A31074 /* MainViewController.swift */ = {isa = PBXFileReference; lastKnownFileType = sourcecode.swift; path = MainViewController.swift; sourceTree = "<group>"; };
		A75FF8E125D4602C00A31074 /* MainViewController.xib */ = {isa = PBXFileReference; lastKnownFileType = file.xib; path = MainViewController.xib; sourceTree = "<group>"; };
/* End PBXFileReference section */

/* Begin PBXFrameworksBuildPhase section */
		A75FF8A325D45D6800A31074 /* Frameworks */ = {
			isa = PBXFrameworksBuildPhase;
			buildActionMask = 2147483647;
			files = (
			);
			runOnlyForDeploymentPostprocessing = 0;
		};
/* End PBXFrameworksBuildPhase section */

/* Begin PBXGroup section */
		A7584FD125D5ACD4003072EE /* ViewModel */ = {
			isa = PBXGroup;
			children = (
				A7584FD225D5ACF1003072EE /* APIServiceManager.swift */,
			);
			path = ViewModel;
			sourceTree = "<group>";
		};
		A7584FDB25D5D6D5003072EE /* Model */ = {
			isa = PBXGroup;
			children = (
				A7584FDC25D5D6E5003072EE /* Constants.swift */,
			);
			path = Model;
			sourceTree = "<group>";
		};
		A75FF89D25D45D6800A31074 = {
			isa = PBXGroup;
			children = (
				A75FF8A825D45D6800A31074 /* DadJokes */,
				A75FF8A725D45D6800A31074 /* Products */,
			);
			sourceTree = "<group>";
		};
		A75FF8A725D45D6800A31074 /* Products */ = {
			isa = PBXGroup;
			children = (
				A75FF8A625D45D6800A31074 /* DadJokes.app */,
			);
			name = Products;
			sourceTree = "<group>";
		};
		A75FF8A825D45D6800A31074 /* DadJokes */ = {
			isa = PBXGroup;
			children = (
				A7584FDB25D5D6D5003072EE /* Model */,
				A7584FD125D5ACD4003072EE /* ViewModel */,
				A75FF8DA25D45FF400A31074 /* Controller */,
				A75FF8E625D4604A00A31074 /* Support */,
				A75FF8B225D45D6900A31074 /* Assets.xcassets */,
				A75FF8B425D45D6900A31074 /* LaunchScreen.storyboard */,
				A75FF8B725D45D6900A31074 /* Info.plist */,
			);
			path = DadJokes;
			sourceTree = "<group>";
		};
		A75FF8DA25D45FF400A31074 /* Controller */ = {
			isa = PBXGroup;
			children = (
				A75FF8E025D4602C00A31074 /* MainViewController.swift */,
				A75FF8E125D4602C00A31074 /* MainViewController.xib */,
			);
			path = Controller;
			sourceTree = "<group>";
		};
		A75FF8E625D4604A00A31074 /* Support */ = {
			isa = PBXGroup;
			children = (
				A75FF8A925D45D6800A31074 /* AppDelegate.swift */,
				A75FF8AB25D45D6800A31074 /* SceneDelegate.swift */,
			);
			path = Support;
			sourceTree = "<group>";
		};
/* End PBXGroup section */

/* Begin PBXNativeTarget section */
		A75FF8A525D45D6800A31074 /* DadJokes */ = {
			isa = PBXNativeTarget;
			buildConfigurationList = A75FF8BA25D45D6900A31074 /* Build configuration list for PBXNativeTarget "DadJokes" */;
			buildPhases = (
				A75FF8A225D45D6800A31074 /* Sources */,
				A75FF8A325D45D6800A31074 /* Frameworks */,
				A75FF8A425D45D6800A31074 /* Resources */,
			);
			buildRules = (
			);
			dependencies = (
			);
			name = DadJokes;
			productName = DadJokes;
			productReference = A75FF8A625D45D6800A31074 /* DadJokes.app */;
			productType = "com.apple.product-type.application";
		};
/* End PBXNativeTarget section */

/* Begin PBXProject section */
		A75FF89E25D45D6800A31074 /* Project object */ = {
			isa = PBXProject;
			attributes = {
				LastSwiftUpdateCheck = 1240;
				LastUpgradeCheck = 1240;
				TargetAttributes = {
					A75FF8A525D45D6800A31074 = {
						CreatedOnToolsVersion = 12.4;
					};
				};
			};
			buildConfigurationList = A75FF8A125D45D6800A31074 /* Build configuration list for PBXProject "DadJokes" */;
			compatibilityVersion = "Xcode 9.3";
			developmentRegion = en;
			hasScannedForEncodings = 0;
			knownRegions = (
				en,
				Base,
			);
			mainGroup = A75FF89D25D45D6800A31074;
			productRefGroup = A75FF8A725D45D6800A31074 /* Products */;
			projectDirPath = "";
			projectRoot = "";
			targets = (
				A75FF8A525D45D6800A31074 /* DadJokes */,
			);
		};
/* End PBXProject section */

/* Begin PBXResourcesBuildPhase section */
		A75FF8A425D45D6800A31074 /* Resources */ = {
			isa = PBXResourcesBuildPhase;
			buildActionMask = 2147483647;
			files = (
				A75FF8B625D45D6900A31074 /* LaunchScreen.storyboard in Resources */,
				A75FF8E325D4602C00A31074 /* MainViewController.xib in Resources */,
				A75FF8B325D45D6900A31074 /* Assets.xcassets in Resources */,
			);
			runOnlyForDeploymentPostprocessing = 0;
		};
/* End PBXResourcesBuildPhase section */

/* Begin PBXSourcesBuildPhase section */
		A75FF8A225D45D6800A31074 /* Sources */ = {
			isa = PBXSourcesBuildPhase;
			buildActionMask = 2147483647;
			files = (
				A7584FDD25D5D6E5003072EE /* Constants.swift in Sources */,
				A75FF8AA25D45D6800A31074 /* AppDelegate.swift in Sources */,
				A75FF8AC25D45D6800A31074 /* SceneDelegate.swift in Sources */,
				A7584FD325D5ACF1003072EE /* APIServiceManager.swift in Sources */,
				A75FF8E225D4602C00A31074 /* MainViewController.swift in Sources */,
			);
			runOnlyForDeploymentPostprocessing = 0;
		};
/* End PBXSourcesBuildPhase section */

/* Begin PBXVariantGroup section */
		A75FF8B425D45D6900A31074 /* LaunchScreen.storyboard */ = {
			isa = PBXVariantGroup;
			children = (
				A75FF8B525D45D6900A31074 /* Base */,
			);
			name = LaunchScreen.storyboard;
			sourceTree = "<group>";
		};
/* End PBXVariantGroup section */

/* Begin XCBuildConfiguration section */
		A75FF8B825D45D6900A31074 /* Debug */ = {
			isa = XCBuildConfiguration;
			buildSettings = {
				ALWAYS_SEARCH_USER_PATHS = NO;
				CLANG_ANALYZER_NONNULL = YES;
				CLANG_ANALYZER_NUMBER_OBJECT_CONVERSION = YES_AGGRESSIVE;
				CLANG_CXX_LANGUAGE_STANDARD = "gnu++14";
				CLANG_CXX_LIBRARY = "libc++";
				CLANG_ENABLE_MODULES = YES;
				CLANG_ENABLE_OBJC_ARC = YES;
				CLANG_ENABLE_OBJC_WEAK = YES;
				CLANG_WARN_BLOCK_CAPTURE_AUTORELEASING = YES;
				CLANG_WARN_BOOL_CONVERSION = YES;
				CLANG_WARN_COMMA = YES;
				CLANG_WARN_CONSTANT_CONVERSION = YES;
				CLANG_WARN_DEPRECATED_OBJC_IMPLEMENTATIONS = YES;
				CLANG_WARN_DIRECT_OBJC_ISA_USAGE = YES_ERROR;
				CLANG_WARN_DOCUMENTATION_COMMENTS = YES;
				CLANG_WARN_EMPTY_BODY = YES;
				CLANG_WARN_ENUM_CONVERSION = YES;
				CLANG_WARN_INFINITE_RECURSION = YES;
				CLANG_WARN_INT_CONVERSION = YES;
				CLANG_WARN_NON_LITERAL_NULL_CONVERSION = YES;
				CLANG_WARN_OBJC_IMPLICIT_RETAIN_SELF = YES;
				CLANG_WARN_OBJC_LITERAL_CONVERSION = YES;
				CLANG_WARN_OBJC_ROOT_CLASS = YES_ERROR;
				CLANG_WARN_QUOTED_INCLUDE_IN_FRAMEWORK_HEADER = YES;
				CLANG_WARN_RANGE_LOOP_ANALYSIS = YES;
				CLANG_WARN_STRICT_PROTOTYPES = YES;
				CLANG_WARN_SUSPICIOUS_MOVE = YES;
				CLANG_WARN_UNGUARDED_AVAILABILITY = YES_AGGRESSIVE;
				CLANG_WARN_UNREACHABLE_CODE = YES;
				CLANG_WARN__DUPLICATE_METHOD_MATCH = YES;
				COPY_PHASE_STRIP = NO;
				DEBUG_INFORMATION_FORMAT = dwarf;
				ENABLE_STRICT_OBJC_MSGSEND = YES;
				ENABLE_TESTABILITY = YES;
				GCC_C_LANGUAGE_STANDARD = gnu11;
				GCC_DYNAMIC_NO_PIC = NO;
				GCC_NO_COMMON_BLOCKS = YES;
				GCC_OPTIMIZATION_LEVEL = 0;
				GCC_PREPROCESSOR_DEFINITIONS = (
					"DEBUG=1",
					"$(inherited)",
				);
				GCC_WARN_64_TO_32_BIT_CONVERSION = YES;
				GCC_WARN_ABOUT_RETURN_TYPE = YES_ERROR;
				GCC_WARN_UNDECLARED_SELECTOR = YES;
				GCC_WARN_UNINITIALIZED_AUTOS = YES_AGGRESSIVE;
				GCC_WARN_UNUSED_FUNCTION = YES;
				GCC_WARN_UNUSED_VARIABLE = YES;
				IPHONEOS_DEPLOYMENT_TARGET = 14.4;
				MTL_ENABLE_DEBUG_INFO = INCLUDE_SOURCE;
				MTL_FAST_MATH = YES;
				ONLY_ACTIVE_ARCH = YES;
				SDKROOT = iphoneos;
				SWIFT_ACTIVE_COMPILATION_CONDITIONS = DEBUG;
				SWIFT_OPTIMIZATION_LEVEL = "-Onone";
			};
			name = Debug;
		};
		A75FF8B925D45D6900A31074 /* Release */ = {
			isa = XCBuildConfiguration;
			buildSettings = {
				ALWAYS_SEARCH_USER_PATHS = NO;
				CLANG_ANALYZER_NONNULL = YES;
				CLANG_ANALYZER_NUMBER_OBJECT_CONVERSION = YES_AGGRESSIVE;
				CLANG_CXX_LANGUAGE_STANDARD = "gnu++14";
				CLANG_CXX_LIBRARY = "libc++";
				CLANG_ENABLE_MODULES = YES;
				CLANG_ENABLE_OBJC_ARC = YES;
				CLANG_ENABLE_OBJC_WEAK = YES;
				CLANG_WARN_BLOCK_CAPTURE_AUTORELEASING = YES;
				CLANG_WARN_BOOL_CONVERSION = YES;
				CLANG_WARN_COMMA = YES;
				CLANG_WARN_CONSTANT_CONVERSION = YES;
				CLANG_WARN_DEPRECATED_OBJC_IMPLEMENTATIONS = YES;
				CLANG_WARN_DIRECT_OBJC_ISA_USAGE = YES_ERROR;
				CLANG_WARN_DOCUMENTATION_COMMENTS = YES;
				CLANG_WARN_EMPTY_BODY = YES;
				CLANG_WARN_ENUM_CONVERSION = YES;
				CLANG_WARN_INFINITE_RECURSION = YES;
				CLANG_WARN_INT_CONVERSION = YES;
				CLANG_WARN_NON_LITERAL_NULL_CONVERSION = YES;
				CLANG_WARN_OBJC_IMPLICIT_RETAIN_SELF = YES;
				CLANG_WARN_OBJC_LITERAL_CONVERSION = YES;
				CLANG_WARN_OBJC_ROOT_CLASS = YES_ERROR;
				CLANG_WARN_QUOTED_INCLUDE_IN_FRAMEWORK_HEADER = YES;
				CLANG_WARN_RANGE_LOOP_ANALYSIS = YES;
				CLANG_WARN_STRICT_PROTOTYPES = YES;
				CLANG_WARN_SUSPICIOUS_MOVE = YES;
				CLANG_WARN_UNGUARDED_AVAILABILITY = YES_AGGRESSIVE;
				CLANG_WARN_UNREACHABLE_CODE = YES;
				CLANG_WARN__DUPLICATE_METHOD_MATCH = YES;
				COPY_PHASE_STRIP = NO;
				DEBUG_INFORMATION_FORMAT = "dwarf-with-dsym";
				ENABLE_NS_ASSERTIONS = NO;
				ENABLE_STRICT_OBJC_MSGSEND = YES;
				GCC_C_LANGUAGE_STANDARD = gnu11;
				GCC_NO_COMMON_BLOCKS = YES;
				GCC_WARN_64_TO_32_BIT_CONVERSION = YES;
				GCC_WARN_ABOUT_RETURN_TYPE = YES_ERROR;
				GCC_WARN_UNDECLARED_SELECTOR = YES;
				GCC_WARN_UNINITIALIZED_AUTOS = YES_AGGRESSIVE;
				GCC_WARN_UNUSED_FUNCTION = YES;
				GCC_WARN_UNUSED_VARIABLE = YES;
				IPHONEOS_DEPLOYMENT_TARGET = 14.4;
				MTL_ENABLE_DEBUG_INFO = NO;
				MTL_FAST_MATH = YES;
				SDKROOT = iphoneos;
				SWIFT_COMPILATION_MODE = wholemodule;
				SWIFT_OPTIMIZATION_LEVEL = "-O";
				VALIDATE_PRODUCT = YES;
			};
			name = Release;
		};
		A75FF8BB25D45D6900A31074 /* Debug */ = {
			isa = XCBuildConfiguration;
			buildSettings = {
				ASSETCATALOG_COMPILER_APPICON_NAME = AppIcon;
				ASSETCATALOG_COMPILER_GLOBAL_ACCENT_COLOR_NAME = AccentColor;
				CODE_SIGN_STYLE = Automatic;
				DEVELOPMENT_TEAM = 9G2243U9KY;
				INFOPLIST_FILE = DadJokes/Info.plist;
				LD_RUNPATH_SEARCH_PATHS = (
					"$(inherited)",
					"@executable_path/Frameworks",
				);
				PRODUCT_BUNDLE_IDENTIFIER = com.teekscode.DadJokes;
				PRODUCT_NAME = "$(TARGET_NAME)";
				SWIFT_VERSION = 5.0;
				TARGETED_DEVICE_FAMILY = "1,2";
			};
			name = Debug;
		};
		A75FF8BC25D45D6900A31074 /* Release */ = {
			isa = XCBuildConfiguration;
			buildSettings = {
				ASSETCATALOG_COMPILER_APPICON_NAME = AppIcon;
				ASSETCATALOG_COMPILER_GLOBAL_ACCENT_COLOR_NAME = AccentColor;
				CODE_SIGN_STYLE = Automatic;
				DEVELOPMENT_TEAM = 9G2243U9KY;
				INFOPLIST_FILE = DadJokes/Info.plist;
				LD_RUNPATH_SEARCH_PATHS = (
					"$(inherited)",
					"@executable_path/Frameworks",
				);
				PRODUCT_BUNDLE_IDENTIFIER = com.teekscode.DadJokes;
				PRODUCT_NAME = "$(TARGET_NAME)";
				SWIFT_VERSION = 5.0;
				TARGETED_DEVICE_FAMILY = "1,2";
			};
			name = Release;
		};
/* End XCBuildConfiguration section */

/* Begin XCConfigurationList section */
		A75FF8A125D45D6800A31074 /* Build configuration list for PBXProject "DadJokes" */ = {
			isa = XCConfigurationList;
			buildConfigurations = (
				A75FF8B825D45D6900A31074 /* Debug */,
				A75FF8B925D45D6900A31074 /* Release */,
			);
			defaultConfigurationIsVisible = 0;
			defaultConfigurationName = Release;
		};
		A75FF8BA25D45D6900A31074 /* Build configuration list for PBXNativeTarget "DadJokes" */ = {
			isa = XCConfigurationList;
			buildConfigurations = (
				A75FF8BB25D45D6900A31074 /* Debug */,
				A75FF8BC25D45D6900A31074 /* Release */,
			);
			defaultConfigurationIsVisible = 0;
			defaultConfigurationName = Release;
		};
/* End XCConfigurationList section */
	};
	rootObject = A75FF89E25D45D6800A31074 /* Project object */;
}
